
Microsoft Visual Studio Solution File, Format Version 12.00
# Visual Studio Version 17
VisualStudioVersion = 17.5.33424.131
MinimumVisualStudioVersion = 10.0.40219.1
Project("{FAE04EC0-301F-11D3-BF4B-00C04F79EFBC}") = "BlogManagementModule", "BlogManagementModule\BlogManagementModule.csproj", "{D39144B2-BB9B-49F5-8D32-73CA81C1FC6B}"
EndProject
Project("{FAE04EC0-301F-11D3-BF4B-00C04F79EFBC}") = "BlogManagementModule.Models", "BlogManagementModule.Models\BlogManagementModule.Models.csproj", "{34D0B9F7-4C84-49DF-AED8-9B804597A605}"
EndProject
Project("{FAE04EC0-301F-11D3-BF4B-00C04F79EFBC}") = "BlogManagementModule.Constants", "BlogManagementModule.Constants\BlogManagementModule.Constants.csproj", "{AF9AF9AD-2EBE-4E71-B958-94890C1768B1}"
EndProject
Project("{FAE04EC0-301F-11D3-BF4B-00C04F79EFBC}") = "BlogManagementModule.Services", "BlogManagementModule.Services\BlogManagementModule.Services.csproj", "{C6CAF1CE-A005-4FEF-850A-441F284BEAAF}"
EndProject
Global
	GlobalSection(SolutionConfigurationPlatforms) = preSolution
		Debug|Any CPU = Debug|Any CPU
		Release|Any CPU = Release|Any CPU
	EndGlobalSection
	GlobalSection(ProjectConfigurationPlatforms) = postSolution
		{D39144B2-BB9B-49F5-8D32-73CA81C1FC6B}.Debug|Any CPU.ActiveCfg = Debug|Any CPU
		{D39144B2-BB9B-49F5-8D32-73CA81C1FC6B}.Debug|Any CPU.Build.0 = Debug|Any CPU
		{D39144B2-BB9B-49F5-8D32-73CA81C1FC6B}.Release|Any CPU.ActiveCfg = Release|Any CPU
		{D39144B2-BB9B-49F5-8D32-73CA81C1FC6B}.Release|Any CPU.Build.0 = Release|Any CPU
		{34D0B9F7-4C84-49DF-AED8-9B804597A605}.Debug|Any CPU.ActiveCfg = Debug|Any CPU
		{34D0B9F7-4C84-49DF-AED8-9B804597A605}.Debug|Any CPU.Build.0 = Debug|Any CPU
		{34D0B9F7-4C84-49DF-AED8-9B804597A605}.Release|Any CPU.ActiveCfg = Release|Any CPU
		{34D0B9F7-4C84-49DF-AED8-9B804597A605}.Release|Any CPU.Build.0 = Release|Any CPU
		{AF9AF9AD-2EBE-4E71-B958-94890C1768B1}.Debug|Any CPU.ActiveCfg = Debug|Any CPU
		{AF9AF9AD-2EBE-4E71-B958-94890C1768B1}.Debug|Any CPU.Build.0 = Debug|Any CPU
		{AF9AF9AD-2EBE-4E71-B958-94890C1768B1}.Release|Any CPU.ActiveCfg = Release|Any CPU
		{AF9AF9AD-2EBE-4E71-B958-94890C1768B1}.Release|Any CPU.Build.0 = Release|Any CPU
		{C6CAF1CE-A005-4FEF-850A-441F284BEAAF}.Debug|Any CPU.ActiveCfg = Debug|Any CPU
		{C6CAF1CE-A005-4FEF-850A-441F284BEAAF}.Debug|Any CPU.Build.0 = Debug|Any CPU
		{C6CAF1CE-A005-4FEF-850A-441F284BEAAF}.Release|Any CPU.ActiveCfg = Release|Any CPU
		{C6CAF1CE-A005-4FEF-850A-441F284BEAAF}.Release|Any CPU.Build.0 = Release|Any CPU
	EndGlobalSection
	GlobalSection(SolutionProperties) = preSolution
		HideSolutionNode = FALSE
	EndGlobalSection
	GlobalSection(ExtensibilityGlobals) = postSolution
		SolutionGuid = {C72FFC42-D838-4A8F-9F26-E82B9CAA2C20}
	EndGlobalSection
EndGlobal
